
Microsoft Visual Studio Solution File, Format Version 12.00
# Visual Studio Version 17
VisualStudioVersion = 17.4.33205.214
MinimumVisualStudioVersion = 10.0.40219.1
Project("{FAE04EC0-301F-11D3-BF4B-00C04F79EFBC}") = "jwt4", "jwt4\jwt4.csproj", "{EC6E3C65-7667-4A55-931E-AC8623CE6A8B}"
EndProject
Global
	GlobalSection(SolutionConfigurationPlatforms) = preSolution
		Debug|Any CPU = Debug|Any CPU
		Release|Any CPU = Release|Any CPU
	EndGlobalSection
	GlobalSection(ProjectConfigurationPlatforms) = postSolution
		{EC6E3C65-7667-4A55-931E-AC8623CE6A8B}.Debug|Any CPU.ActiveCfg = Debug|Any CPU
		{EC6E3C65-7667-4A55-931E-AC8623CE6A8B}.Debug|Any CPU.Build.0 = Debug|Any CPU
		{EC6E3C65-7667-4A55-931E-AC8623CE6A8B}.Release|Any CPU.ActiveCfg = Release|Any CPU
		{EC6E3C65-7667-4A55-931E-AC8623CE6A8B}.Release|Any CPU.Build.0 = Release|Any CPU
	EndGlobalSection
	GlobalSection(SolutionProperties) = preSolution
		HideSolutionNode = FALSE
	EndGlobalSection
	GlobalSection(ExtensibilityGlobals) = postSolution
		SolutionGuid = {2C812F2E-9FB5-451D-A2DF-E19C4CAFFDDC}
	EndGlobalSection
EndGlobal
